// !$*UTF8*$!
{
	archiveVersion = 1;
	classes = {
	};
	objectVersion = 52;
	objects = {

/* Begin PBXBuildFile section */
		BF14A51B256683B800535458 /* Train.swift in Sources */ = {isa = PBXBuildFile; fileRef = BF14A51A256683B800535458 /* Train.swift */; };
		BF14A51E2566840200535458 /* TrainType.swift in Sources */ = {isa = PBXBuildFile; fileRef = BF14A51D2566840200535458 /* TrainType.swift */; };
		BF14A52125668B6400535458 /* TrainSets.swift in Sources */ = {isa = PBXBuildFile; fileRef = BF14A52025668B6400535458 /* TrainSets.swift */; };
		BF14A5242566912700535458 /* SetsList.swift in Sources */ = {isa = PBXBuildFile; fileRef = BF14A5232566912600535458 /* SetsList.swift */; };
		BF14A527256692A300535458 /* SetsListItem.swift in Sources */ = {isa = PBXBuildFile; fileRef = BF14A526256692A300535458 /* SetsListItem.swift */; };
		BF15CF8925A88176002366B3 /* PreviewContextMenu.swift in Sources */ = {isa = PBXBuildFile; fileRef = BF15CF8825A88176002366B3 /* PreviewContextMenu.swift */; };
		BF17D9E325A81B7B0020C85A /* LargeHeaderText.swift in Sources */ = {isa = PBXBuildFile; fileRef = BF17D9E225A81B7B0020C85A /* LargeHeaderText.swift */; };
		BF20A66725661FBD00BA4981 /* AppDelegate.swift in Sources */ = {isa = PBXBuildFile; fileRef = BF20A66625661FBD00BA4981 /* AppDelegate.swift */; };
		BF20A66925661FBD00BA4981 /* SceneDelegate.swift in Sources */ = {isa = PBXBuildFile; fileRef = BF20A66825661FBD00BA4981 /* SceneDelegate.swift */; };
		BF20A66B25661FBD00BA4981 /* ContentView.swift in Sources */ = {isa = PBXBuildFile; fileRef = BF20A66A25661FBD00BA4981 /* ContentView.swift */; };
		BF20A66E25661FBD00BA4981 /* TrainTrack.xcdatamodeld in Sources */ = {isa = PBXBuildFile; fileRef = BF20A66C25661FBD00BA4981 /* TrainTrack.xcdatamodeld */; };
		BF20A67025661FC800BA4981 /* Assets.xcassets in Resources */ = {isa = PBXBuildFile; fileRef = BF20A66F25661FC800BA4981 /* Assets.xcassets */; };
		BF20A67325661FC800BA4981 /* Preview Assets.xcassets in Resources */ = {isa = PBXBuildFile; fileRef = BF20A67225661FC800BA4981 /* Preview Assets.xcassets */; };
		BF20A67625661FC800BA4981 /* LaunchScreen.storyboard in Resources */ = {isa = PBXBuildFile; fileRef = BF20A67425661FC800BA4981 /* LaunchScreen.storyboard */; };
		BF20A6812566204C00BA4981 /* CloudKit.framework in Frameworks */ = {isa = PBXBuildFile; fileRef = BF20A6802566204C00BA4981 /* CloudKit.framework */; };
		BF236800279D5B6C0007EBBB /* CameraView.swift in Sources */ = {isa = PBXBuildFile; fileRef = BF2367FF279D5B6C0007EBBB /* CameraView.swift */; };
		BF236806279D5C8D0007EBBB /* VisionViewController.swift in Sources */ = {isa = PBXBuildFile; fileRef = BF236802279D5C8D0007EBBB /* VisionViewController.swift */; };
		BF236807279D5C8D0007EBBB /* PreviewView.swift in Sources */ = {isa = PBXBuildFile; fileRef = BF236803279D5C8D0007EBBB /* PreviewView.swift */; };
		BF236808279D5C8D0007EBBB /* StringUtils.swift in Sources */ = {isa = PBXBuildFile; fileRef = BF236804279D5C8D0007EBBB /* StringUtils.swift */; };
		BF236809279D5C8D0007EBBB /* ViewController.swift in Sources */ = {isa = PBXBuildFile; fileRef = BF236805279D5C8D0007EBBB /* ViewController.swift */; };
		BF23680B279D5E500007EBBB /* CameraView.storyboard in Resources */ = {isa = PBXBuildFile; fileRef = BF23680A279D5E500007EBBB /* CameraView.storyboard */; };
		BF23680D279D6E3B0007EBBB /* EnteredCarriageManager.swift in Sources */ = {isa = PBXBuildFile; fileRef = BF23680C279D6E3B0007EBBB /* EnteredCarriageManager.swift */; };
		BF30A88E2567CE1D00652311 /* TrainLookup.swift in Sources */ = {isa = PBXBuildFile; fileRef = BF30A88D2567CE1D00652311 /* TrainLookup.swift */; };
		BF30A8912567D04600652311 /* EnteredCarriageResultParentView.swift in Sources */ = {isa = PBXBuildFile; fileRef = BF30A8902567D04500652311 /* EnteredCarriageResultParentView.swift */; };
		BF30A8942567D10600652311 /* BluePillButtonView.swift in Sources */ = {isa = PBXBuildFile; fileRef = BF30A8932567D10600652311 /* BluePillButtonView.swift */; };
		BF30A8972567D45200652311 /* TrainDetailView.swift in Sources */ = {isa = PBXBuildFile; fileRef = BF30A8962567D45200652311 /* TrainDetailView.swift */; };
		BF30A89F2567DFB200652311 /* VisualTrainView.swift in Sources */ = {isa = PBXBuildFile; fileRef = BF30A89E2567DFB200652311 /* VisualTrainView.swift */; };
		BF328B6B25679E1A00203A9F /* NewTripButtonView.swift in Sources */ = {isa = PBXBuildFile; fileRef = BF328B6A25679E1A00203A9F /* NewTripButtonView.swift */; };
		BF4AC6682567B72F00B4ED6C /* EnterCarriageView.swift in Sources */ = {isa = PBXBuildFile; fileRef = BF4AC6672567B72F00B4ED6C /* EnterCarriageView.swift */; };
		BF4BCC3E2566A4D500C1460E /* SetTrainList.swift in Sources */ = {isa = PBXBuildFile; fileRef = BF4BCC3D2566A4D500C1460E /* SetTrainList.swift */; };
		BF4BCC412566A4E100C1460E /* SetTrainListItem.swift in Sources */ = {isa = PBXBuildFile; fileRef = BF4BCC402566A4E100C1460E /* SetTrainListItem.swift */; };
		BF6602712791623B00BC4034 /* Introspect in Frameworks */ = {isa = PBXBuildFile; productRef = BF6602702791623B00BC4034 /* Introspect */; };
		BF6C2B4F279C07B0006D2201 /* AppShortcutHandler.swift in Sources */ = {isa = PBXBuildFile; fileRef = BF6C2B4E279C07B0006D2201 /* AppShortcutHandler.swift */; };
		BF7DDF1725662AB6007885BA /* TripAdder.swift in Sources */ = {isa = PBXBuildFile; fileRef = BF20A6842566247400BA4981 /* TripAdder.swift */; };
		BF7DDF2125663016007885BA /* AllTripsView.swift in Sources */ = {isa = PBXBuildFile; fileRef = BF7DDF2025663016007885BA /* AllTripsView.swift */; };
		BF85B71C2567FB00007CF1B7 /* SPAlert in Frameworks */ = {isa = PBXBuildFile; productRef = BF85B71B2567FB00007CF1B7 /* SPAlert */; };
		BF85B71F2568980F007CF1B7 /* TrainHeaderView.swift in Sources */ = {isa = PBXBuildFile; fileRef = BF85B71E2568980E007CF1B7 /* TrainHeaderView.swift */; };
		BF99EFE9279D955700C41531 /* Assets.xcassets in Resources */ = {isa = PBXBuildFile; fileRef = BF99EFE8279D955700C41531 /* Assets.xcassets */; };
		BF99EFEF279D955700C41531 /* TrainTrack Watch WatchKit Extension.appex in Embed App Extensions */ = {isa = PBXBuildFile; fileRef = BF99EFEE279D955700C41531 /* TrainTrack Watch WatchKit Extension.appex */; settings = {ATTRIBUTES = (RemoveHeadersOnCopy, ); }; };
		BF99EFF4279D955700C41531 /* ContentView.swift in Sources */ = {isa = PBXBuildFile; fileRef = BF99EFF3279D955700C41531 /* ContentView.swift */; };
		BF99EFF6279D955700C41531 /* TrainTrackApp.swift in Sources */ = {isa = PBXBuildFile; fileRef = BF99EFF5279D955700C41531 /* TrainTrackApp.swift */; };
		BF99EFF8279D955700C41531 /* ComplicationController.swift in Sources */ = {isa = PBXBuildFile; fileRef = BF99EFF7279D955700C41531 /* ComplicationController.swift */; };
		BF99EFFA279D955700C41531 /* Assets.xcassets in Resources */ = {isa = PBXBuildFile; fileRef = BF99EFF9279D955700C41531 /* Assets.xcassets */; };
		BF99EFFD279D955700C41531 /* Preview Assets.xcassets in Resources */ = {isa = PBXBuildFile; fileRef = BF99EFFC279D955700C41531 /* Preview Assets.xcassets */; };
		BF99F001279D955700C41531 /* TrainTrack Watch.app in Embed Watch Content */ = {isa = PBXBuildFile; fileRef = BF99EFE6279D955600C41531 /* TrainTrack Watch.app */; settings = {ATTRIBUTES = (RemoveHeadersOnCopy, ); }; };
		BF99F00C279D95B300C41531 /* TTCloudKit.swift in Sources */ = {isa = PBXBuildFile; fileRef = BF99F00B279D95B300C41531 /* TTCloudKit.swift */; };
		BF99F00E279D969000C41531 /* LocationManager.swift in Sources */ = {isa = PBXBuildFile; fileRef = BFFACA222566403900C11400 /* LocationManager.swift */; };
		BF99F00F279D969400C41531 /* Date.swift in Sources */ = {isa = PBXBuildFile; fileRef = BFB14AB4257B38A20003A4AF /* Date.swift */; };
		BF99F010279D969700C41531 /* Trip.swift in Sources */ = {isa = PBXBuildFile; fileRef = BFB14AAC257B2AC00003A4AF /* Trip.swift */; };
		BF99F011279D969700C41531 /* TripFetcher.swift in Sources */ = {isa = PBXBuildFile; fileRef = BFE578912566B03700D4E3C7 /* TripFetcher.swift */; };
		BF99F012279D969700C41531 /* TripAdder.swift in Sources */ = {isa = PBXBuildFile; fileRef = BF20A6842566247400BA4981 /* TripAdder.swift */; };
		BF99F013279D969B00C41531 /* TrainLookup.swift in Sources */ = {isa = PBXBuildFile; fileRef = BF30A88D2567CE1D00652311 /* TrainLookup.swift */; };
		BF99F014279D969B00C41531 /* TrainSets.swift in Sources */ = {isa = PBXBuildFile; fileRef = BF14A52025668B6400535458 /* TrainSets.swift */; };
		BF99F015279D969B00C41531 /* Train.swift in Sources */ = {isa = PBXBuildFile; fileRef = BF14A51A256683B800535458 /* Train.swift */; };
		BF99F016279D969B00C41531 /* TrainFetcher.swift in Sources */ = {isa = PBXBuildFile; fileRef = BFB2A6B825666D1300897B2A /* TrainFetcher.swift */; };
		BF99F017279D969B00C41531 /* TrainType.swift in Sources */ = {isa = PBXBuildFile; fileRef = BF14A51D2566840200535458 /* TrainType.swift */; };
		BF99F018279D96A800C41531 /* TTCloudKit.swift in Sources */ = {isa = PBXBuildFile; fileRef = BF99F00B279D95B300C41531 /* TTCloudKit.swift */; };
		BF99F01A279D96BB00C41531 /* Kanna in Frameworks */ = {isa = PBXBuildFile; productRef = BF99F019279D96BB00C41531 /* Kanna */; };
		BF99F01B279D96D200C41531 /* TrainTrack.xcdatamodeld in Sources */ = {isa = PBXBuildFile; fileRef = BF20A66C25661FBD00BA4981 /* TrainTrack.xcdatamodeld */; };
		BF99F01C279D978000C41531 /* SetsList.swift in Sources */ = {isa = PBXBuildFile; fileRef = BF14A5232566912600535458 /* SetsList.swift */; };
		BF99F01D279D978700C41531 /* SetsListItem.swift in Sources */ = {isa = PBXBuildFile; fileRef = BF14A526256692A300535458 /* SetsListItem.swift */; };
		BF99F01E279D978D00C41531 /* ProgressRing.swift in Sources */ = {isa = PBXBuildFile; fileRef = BFB14AB9257B3F9A0003A4AF /* ProgressRing.swift */; };
		BF99F01F279D979600C41531 /* SetTrainList.swift in Sources */ = {isa = PBXBuildFile; fileRef = BF4BCC3D2566A4D500C1460E /* SetTrainList.swift */; };
		BF99F020279D97A300C41531 /* TrainDetailView.swift in Sources */ = {isa = PBXBuildFile; fileRef = BF30A8962567D45200652311 /* TrainDetailView.swift */; };
		BF99F021279D97A800C41531 /* SetTrainListItem.swift in Sources */ = {isa = PBXBuildFile; fileRef = BF4BCC402566A4E100C1460E /* SetTrainListItem.swift */; };
		BF99F023279D980500C41531 /* AddTripCapsule.swift in Sources */ = {isa = PBXBuildFile; fileRef = BFC9F04525B13DFF00237ACA /* AddTripCapsule.swift */; };
		BF99F024279D986200C41531 /* TrainHeaderView.swift in Sources */ = {isa = PBXBuildFile; fileRef = BF85B71E2568980E007CF1B7 /* TrainHeaderView.swift */; };
		BF99F025279D989100C41531 /* LargeHeaderText.swift in Sources */ = {isa = PBXBuildFile; fileRef = BF17D9E225A81B7B0020C85A /* LargeHeaderText.swift */; };
		BF99F026279D989C00C41531 /* TripRowView.swift in Sources */ = {isa = PBXBuildFile; fileRef = BFB2A6B125666B9200897B2A /* TripRowView.swift */; };
		BF99F027279D98A200C41531 /* VisualTrainView.swift in Sources */ = {isa = PBXBuildFile; fileRef = BF30A89E2567DFB200652311 /* VisualTrainView.swift */; };
		BF99F029279D993A00C41531 /* TrainImages.xcassets in Resources */ = {isa = PBXBuildFile; fileRef = BF99F028279D993A00C41531 /* TrainImages.xcassets */; };
		BF99F02A279D993E00C41531 /* TrainImages.xcassets in Resources */ = {isa = PBXBuildFile; fileRef = BF99F028279D993A00C41531 /* TrainImages.xcassets */; };
		BF99F02D279D9A9500C41531 /* CloudKit.framework in Frameworks */ = {isa = PBXBuildFile; fileRef = BF99F02C279D9A9500C41531 /* CloudKit.framework */; };
		BF9DFD2825905C8D00C6CEF4 /* Intents.framework in Frameworks */ = {isa = PBXBuildFile; fileRef = BF9DFD2725905C8D00C6CEF4 /* Intents.framework */; };
		BF9DFD2B25905C8D00C6CEF4 /* IntentHandler.swift in Sources */ = {isa = PBXBuildFile; fileRef = BF9DFD2A25905C8D00C6CEF4 /* IntentHandler.swift */; };
		BF9DFD2F25905C8D00C6CEF4 /* AddTripIntent.appex in Embed App Extensions */ = {isa = PBXBuildFile; fileRef = BF9DFD2625905C8C00C6CEF4 /* AddTripIntent.appex */; settings = {ATTRIBUTES = (RemoveHeadersOnCopy, ); }; };
		BF9DFD3825905CEA00C6CEF4 /* Intents.intentdefinition in Sources */ = {isa = PBXBuildFile; fileRef = BF9DFD3725905CEA00C6CEF4 /* Intents.intentdefinition */; };
		BF9DFD3D25905DF000C6CEF4 /* Intents.intentdefinition in Sources */ = {isa = PBXBuildFile; fileRef = BF9DFD3725905CEA00C6CEF4 /* Intents.intentdefinition */; };
		BF9DFD4225905E5300C6CEF4 /* CloudKit.framework in Frameworks */ = {isa = PBXBuildFile; fileRef = BF20A6802566204C00BA4981 /* CloudKit.framework */; };
		BFB14AAD257B2AC00003A4AF /* Trip.swift in Sources */ = {isa = PBXBuildFile; fileRef = BFB14AAC257B2AC00003A4AF /* Trip.swift */; };
		BFB14AB2257B30430003A4AF /* MapView.swift in Sources */ = {isa = PBXBuildFile; fileRef = BFB14AB1257B30430003A4AF /* MapView.swift */; };
		BFB14AB5257B38A30003A4AF /* Date.swift in Sources */ = {isa = PBXBuildFile; fileRef = BFB14AB4257B38A20003A4AF /* Date.swift */; };
		BFB14ABA257B3F9A0003A4AF /* ProgressRing.swift in Sources */ = {isa = PBXBuildFile; fileRef = BFB14AB9257B3F9A0003A4AF /* ProgressRing.swift */; };
		BFB2A6B225666B9200897B2A /* TripRowView.swift in Sources */ = {isa = PBXBuildFile; fileRef = BFB2A6B125666B9200897B2A /* TripRowView.swift */; };
		BFB2A6B625666CED00897B2A /* Kanna in Frameworks */ = {isa = PBXBuildFile; productRef = BFB2A6B525666CED00897B2A /* Kanna */; };
		BFB2A6B925666D1300897B2A /* TrainFetcher.swift in Sources */ = {isa = PBXBuildFile; fileRef = BFB2A6B825666D1300897B2A /* TrainFetcher.swift */; };
		BFC7ACC32568DF0200932A42 /* TripInfoView.swift in Sources */ = {isa = PBXBuildFile; fileRef = BFC7ACC22568DF0200932A42 /* TripInfoView.swift */; };
		BFC9F04225B13D1800237ACA /* TripDetailConfirmationView.swift in Sources */ = {isa = PBXBuildFile; fileRef = BFC9F04125B13D1700237ACA /* TripDetailConfirmationView.swift */; };
		BFC9F04625B13DFF00237ACA /* AddTripCapsule.swift in Sources */ = {isa = PBXBuildFile; fileRef = BFC9F04525B13DFF00237ACA /* AddTripCapsule.swift */; };
		BFE578922566B03700D4E3C7 /* TripFetcher.swift in Sources */ = {isa = PBXBuildFile; fileRef = BFE578912566B03700D4E3C7 /* TripFetcher.swift */; };
		BFFACA232566403900C11400 /* LocationManager.swift in Sources */ = {isa = PBXBuildFile; fileRef = BFFACA222566403900C11400 /* LocationManager.swift */; };
/* End PBXBuildFile section */

/* Begin PBXContainerItemProxy section */
		BF99EFF0279D955700C41531 /* PBXContainerItemProxy */ = {
			isa = PBXContainerItemProxy;
			containerPortal = BF20A65B25661FBD00BA4981 /* Project object */;
			proxyType = 1;
			remoteGlobalIDString = BF99EFED279D955700C41531;
			remoteInfo = "TrainTrack Watch WatchKit Extension";
		};
		BF99EFFF279D955700C41531 /* PBXContainerItemProxy */ = {
			isa = PBXContainerItemProxy;
			containerPortal = BF20A65B25661FBD00BA4981 /* Project object */;
			proxyType = 1;
			remoteGlobalIDString = BF99EFE5279D955600C41531;
			remoteInfo = "TrainTrack Watch";
		};
		BF9DFD2D25905C8D00C6CEF4 /* PBXContainerItemProxy */ = {
			isa = PBXContainerItemProxy;
			containerPortal = BF20A65B25661FBD00BA4981 /* Project object */;
			proxyType = 1;
			remoteGlobalIDString = BF9DFD2525905C8C00C6CEF4;
			remoteInfo = AddTripIntent;
		};
/* End PBXContainerItemProxy section */

/* Begin PBXCopyFilesBuildPhase section */
		BF99F002279D955700C41531 /* Embed Watch Content */ = {
			isa = PBXCopyFilesBuildPhase;
			buildActionMask = 2147483647;
			dstPath = "$(CONTENTS_FOLDER_PATH)/Watch";
			dstSubfolderSpec = 16;
			files = (
				BF99F001279D955700C41531 /* TrainTrack Watch.app in Embed Watch Content */,
			);
			name = "Embed Watch Content";
			runOnlyForDeploymentPostprocessing = 0;
		};
		BF99F005279D955700C41531 /* Embed App Extensions */ = {
			isa = PBXCopyFilesBuildPhase;
			buildActionMask = 2147483647;
			dstPath = "";
			dstSubfolderSpec = 13;
			files = (
				BF99EFEF279D955700C41531 /* TrainTrack Watch WatchKit Extension.appex in Embed App Extensions */,
			);
			name = "Embed App Extensions";
			runOnlyForDeploymentPostprocessing = 0;
		};
		BF9DFD3125905C9400C6CEF4 /* Embed App Extensions */ = {
			isa = PBXCopyFilesBuildPhase;
			buildActionMask = 2147483647;
			dstPath = "";
			dstSubfolderSpec = 13;
			files = (
				BF9DFD2F25905C8D00C6CEF4 /* AddTripIntent.appex in Embed App Extensions */,
			);
			name = "Embed App Extensions";
			runOnlyForDeploymentPostprocessing = 0;
		};
/* End PBXCopyFilesBuildPhase section */

/* Begin PBXFileReference section */
		BF14A51A256683B800535458 /* Train.swift */ = {isa = PBXFileReference; lastKnownFileType = sourcecode.swift; path = Train.swift; sourceTree = "<group>"; };
		BF14A51D2566840200535458 /* TrainType.swift */ = {isa = PBXFileReference; lastKnownFileType = sourcecode.swift; path = TrainType.swift; sourceTree = "<group>"; };
		BF14A52025668B6400535458 /* TrainSets.swift */ = {isa = PBXFileReference; lastKnownFileType = sourcecode.swift; path = TrainSets.swift; sourceTree = "<group>"; };
		BF14A5232566912600535458 /* SetsList.swift */ = {isa = PBXFileReference; lastKnownFileType = sourcecode.swift; path = SetsList.swift; sourceTree = "<group>"; };
		BF14A526256692A300535458 /* SetsListItem.swift */ = {isa = PBXFileReference; lastKnownFileType = sourcecode.swift; path = SetsListItem.swift; sourceTree = "<group>"; };
		BF15CF8825A88176002366B3 /* PreviewContextMenu.swift */ = {isa = PBXFileReference; lastKnownFileType = sourcecode.swift; path = PreviewContextMenu.swift; sourceTree = "<group>"; };
		BF17D9E225A81B7B0020C85A /* LargeHeaderText.swift */ = {isa = PBXFileReference; lastKnownFileType = sourcecode.swift; path = LargeHeaderText.swift; sourceTree = "<group>"; };
		BF20A66325661FBD00BA4981 /* TrainTrack.app */ = {isa = PBXFileReference; explicitFileType = wrapper.application; includeInIndex = 0; path = TrainTrack.app; sourceTree = BUILT_PRODUCTS_DIR; };
		BF20A66625661FBD00BA4981 /* AppDelegate.swift */ = {isa = PBXFileReference; lastKnownFileType = sourcecode.swift; path = AppDelegate.swift; sourceTree = "<group>"; };
		BF20A66825661FBD00BA4981 /* SceneDelegate.swift */ = {isa = PBXFileReference; lastKnownFileType = sourcecode.swift; path = SceneDelegate.swift; sourceTree = "<group>"; };
		BF20A66A25661FBD00BA4981 /* ContentView.swift */ = {isa = PBXFileReference; lastKnownFileType = sourcecode.swift; path = ContentView.swift; sourceTree = "<group>"; };
		BF20A66D25661FBD00BA4981 /* TrainTrack.xcdatamodel */ = {isa = PBXFileReference; lastKnownFileType = wrapper.xcdatamodel; path = TrainTrack.xcdatamodel; sourceTree = "<group>"; };
		BF20A66F25661FC800BA4981 /* Assets.xcassets */ = {isa = PBXFileReference; lastKnownFileType = folder.assetcatalog; path = Assets.xcassets; sourceTree = "<group>"; };
		BF20A67225661FC800BA4981 /* Preview Assets.xcassets */ = {isa = PBXFileReference; lastKnownFileType = folder.assetcatalog; path = "Preview Assets.xcassets"; sourceTree = "<group>"; };
		BF20A67525661FC800BA4981 /* Base */ = {isa = PBXFileReference; lastKnownFileType = file.storyboard; name = Base; path = Base.lproj/LaunchScreen.storyboard; sourceTree = "<group>"; };
		BF20A67725661FC800BA4981 /* Info.plist */ = {isa = PBXFileReference; lastKnownFileType = text.plist.xml; path = Info.plist; sourceTree = "<group>"; };
		BF20A67E2566204900BA4981 /* TrainTrack.entitlements */ = {isa = PBXFileReference; lastKnownFileType = text.plist.entitlements; path = TrainTrack.entitlements; sourceTree = "<group>"; };
		BF20A6802566204C00BA4981 /* CloudKit.framework */ = {isa = PBXFileReference; lastKnownFileType = wrapper.framework; name = CloudKit.framework; path = System/Library/Frameworks/CloudKit.framework; sourceTree = SDKROOT; };
		BF20A6842566247400BA4981 /* TripAdder.swift */ = {isa = PBXFileReference; lastKnownFileType = sourcecode.swift; path = TripAdder.swift; sourceTree = "<group>"; };
		BF2367FF279D5B6C0007EBBB /* CameraView.swift */ = {isa = PBXFileReference; lastKnownFileType = sourcecode.swift; path = CameraView.swift; sourceTree = "<group>"; };
		BF236802279D5C8D0007EBBB /* VisionViewController.swift */ = {isa = PBXFileReference; fileEncoding = 4; lastKnownFileType = sourcecode.swift; path = VisionViewController.swift; sourceTree = "<group>"; };
		BF236803279D5C8D0007EBBB /* PreviewView.swift */ = {isa = PBXFileReference; fileEncoding = 4; lastKnownFileType = sourcecode.swift; path = PreviewView.swift; sourceTree = "<group>"; };
		BF236804279D5C8D0007EBBB /* StringUtils.swift */ = {isa = PBXFileReference; fileEncoding = 4; lastKnownFileType = sourcecode.swift; path = StringUtils.swift; sourceTree = "<group>"; };
		BF236805279D5C8D0007EBBB /* ViewController.swift */ = {isa = PBXFileReference; fileEncoding = 4; lastKnownFileType = sourcecode.swift; path = ViewController.swift; sourceTree = "<group>"; };
		BF23680A279D5E500007EBBB /* CameraView.storyboard */ = {isa = PBXFileReference; fileEncoding = 4; lastKnownFileType = file.storyboard; path = CameraView.storyboard; sourceTree = "<group>"; };
		BF23680C279D6E3B0007EBBB /* EnteredCarriageManager.swift */ = {isa = PBXFileReference; lastKnownFileType = sourcecode.swift; path = EnteredCarriageManager.swift; sourceTree = "<group>"; };
		BF30A88D2567CE1D00652311 /* TrainLookup.swift */ = {isa = PBXFileReference; lastKnownFileType = sourcecode.swift; path = TrainLookup.swift; sourceTree = "<group>"; };
		BF30A8902567D04500652311 /* EnteredCarriageResultParentView.swift */ = {isa = PBXFileReference; lastKnownFileType = sourcecode.swift; path = EnteredCarriageResultParentView.swift; sourceTree = "<group>"; };
		BF30A8932567D10600652311 /* BluePillButtonView.swift */ = {isa = PBXFileReference; lastKnownFileType = sourcecode.swift; path = BluePillButtonView.swift; sourceTree = "<group>"; };
		BF30A8962567D45200652311 /* TrainDetailView.swift */ = {isa = PBXFileReference; lastKnownFileType = sourcecode.swift; path = TrainDetailView.swift; sourceTree = "<group>"; };
		BF30A89E2567DFB200652311 /* VisualTrainView.swift */ = {isa = PBXFileReference; lastKnownFileType = sourcecode.swift; path = VisualTrainView.swift; sourceTree = "<group>"; };
		BF328B6A25679E1A00203A9F /* NewTripButtonView.swift */ = {isa = PBXFileReference; lastKnownFileType = sourcecode.swift; path = NewTripButtonView.swift; sourceTree = "<group>"; };
		BF4AC6672567B72F00B4ED6C /* EnterCarriageView.swift */ = {isa = PBXFileReference; lastKnownFileType = sourcecode.swift; path = EnterCarriageView.swift; sourceTree = "<group>"; };
		BF4BCC3D2566A4D500C1460E /* SetTrainList.swift */ = {isa = PBXFileReference; lastKnownFileType = sourcecode.swift; path = SetTrainList.swift; sourceTree = "<group>"; };
		BF4BCC402566A4E100C1460E /* SetTrainListItem.swift */ = {isa = PBXFileReference; lastKnownFileType = sourcecode.swift; path = SetTrainListItem.swift; sourceTree = "<group>"; };
		BF6C2B4E279C07B0006D2201 /* AppShortcutHandler.swift */ = {isa = PBXFileReference; lastKnownFileType = sourcecode.swift; path = AppShortcutHandler.swift; sourceTree = "<group>"; };
		BF7DDF2025663016007885BA /* AllTripsView.swift */ = {isa = PBXFileReference; lastKnownFileType = sourcecode.swift; path = AllTripsView.swift; sourceTree = "<group>"; };
		BF85B71E2568980E007CF1B7 /* TrainHeaderView.swift */ = {isa = PBXFileReference; lastKnownFileType = sourcecode.swift; path = TrainHeaderView.swift; sourceTree = "<group>"; };
		BF99EFE6279D955600C41531 /* TrainTrack Watch.app */ = {isa = PBXFileReference; explicitFileType = wrapper.application; includeInIndex = 0; path = "TrainTrack Watch.app"; sourceTree = BUILT_PRODUCTS_DIR; };
		BF99EFE8279D955700C41531 /* Assets.xcassets */ = {isa = PBXFileReference; lastKnownFileType = folder.assetcatalog; path = Assets.xcassets; sourceTree = "<group>"; };
		BF99EFEE279D955700C41531 /* TrainTrack Watch WatchKit Extension.appex */ = {isa = PBXFileReference; explicitFileType = "wrapper.app-extension"; includeInIndex = 0; path = "TrainTrack Watch WatchKit Extension.appex"; sourceTree = BUILT_PRODUCTS_DIR; };
		BF99EFF3279D955700C41531 /* ContentView.swift */ = {isa = PBXFileReference; lastKnownFileType = sourcecode.swift; path = ContentView.swift; sourceTree = "<group>"; };
		BF99EFF5279D955700C41531 /* TrainTrackApp.swift */ = {isa = PBXFileReference; lastKnownFileType = sourcecode.swift; path = TrainTrackApp.swift; sourceTree = "<group>"; };
		BF99EFF7279D955700C41531 /* ComplicationController.swift */ = {isa = PBXFileReference; lastKnownFileType = sourcecode.swift; path = ComplicationController.swift; sourceTree = "<group>"; };
		BF99EFF9279D955700C41531 /* Assets.xcassets */ = {isa = PBXFileReference; lastKnownFileType = folder.assetcatalog; path = Assets.xcassets; sourceTree = "<group>"; };
		BF99EFFC279D955700C41531 /* Preview Assets.xcassets */ = {isa = PBXFileReference; lastKnownFileType = folder.assetcatalog; path = "Preview Assets.xcassets"; sourceTree = "<group>"; };
		BF99EFFE279D955700C41531 /* Info.plist */ = {isa = PBXFileReference; lastKnownFileType = text.plist.xml; path = Info.plist; sourceTree = "<group>"; };
		BF99F00B279D95B300C41531 /* TTCloudKit.swift */ = {isa = PBXFileReference; lastKnownFileType = sourcecode.swift; path = TTCloudKit.swift; sourceTree = "<group>"; };
		BF99F028279D993A00C41531 /* TrainImages.xcassets */ = {isa = PBXFileReference; lastKnownFileType = folder.assetcatalog; path = TrainImages.xcassets; sourceTree = "<group>"; };
		BF99F02B279D9A9200C41531 /* TrainTrack Watch WatchKit Extension.entitlements */ = {isa = PBXFileReference; lastKnownFileType = text.plist.entitlements; path = "TrainTrack Watch WatchKit Extension.entitlements"; sourceTree = "<group>"; };
		BF99F02C279D9A9500C41531 /* CloudKit.framework */ = {isa = PBXFileReference; lastKnownFileType = wrapper.framework; name = CloudKit.framework; path = Platforms/WatchOS.platform/Developer/SDKs/WatchOS8.3.sdk/System/Library/Frameworks/CloudKit.framework; sourceTree = DEVELOPER_DIR; };
		BF9DFD2625905C8C00C6CEF4 /* AddTripIntent.appex */ = {isa = PBXFileReference; explicitFileType = "wrapper.app-extension"; includeInIndex = 0; path = AddTripIntent.appex; sourceTree = BUILT_PRODUCTS_DIR; };
		BF9DFD2725905C8D00C6CEF4 /* Intents.framework */ = {isa = PBXFileReference; lastKnownFileType = wrapper.framework; name = Intents.framework; path = System/Library/Frameworks/Intents.framework; sourceTree = SDKROOT; };
		BF9DFD2A25905C8D00C6CEF4 /* IntentHandler.swift */ = {isa = PBXFileReference; lastKnownFileType = sourcecode.swift; path = IntentHandler.swift; sourceTree = "<group>"; };
		BF9DFD2C25905C8D00C6CEF4 /* Info.plist */ = {isa = PBXFileReference; lastKnownFileType = text.plist.xml; path = Info.plist; sourceTree = "<group>"; };
		BF9DFD3025905C9200C6CEF4 /* AddTripIntent.entitlements */ = {isa = PBXFileReference; lastKnownFileType = text.plist.entitlements; path = AddTripIntent.entitlements; sourceTree = "<group>"; };
		BF9DFD3725905CEA00C6CEF4 /* Intents.intentdefinition */ = {isa = PBXFileReference; lastKnownFileType = file.intentdefinition; path = Intents.intentdefinition; sourceTree = "<group>"; };
		BFB14AAC257B2AC00003A4AF /* Trip.swift */ = {isa = PBXFileReference; lastKnownFileType = sourcecode.swift; path = Trip.swift; sourceTree = "<group>"; };
		BFB14AB1257B30430003A4AF /* MapView.swift */ = {isa = PBXFileReference; lastKnownFileType = sourcecode.swift; path = MapView.swift; sourceTree = "<group>"; };
		BFB14AB4257B38A20003A4AF /* Date.swift */ = {isa = PBXFileReference; lastKnownFileType = sourcecode.swift; path = Date.swift; sourceTree = "<group>"; };
		BFB14AB9257B3F9A0003A4AF /* ProgressRing.swift */ = {isa = PBXFileReference; lastKnownFileType = sourcecode.swift; path = ProgressRing.swift; sourceTree = "<group>"; };
		BFB2A6B125666B9200897B2A /* TripRowView.swift */ = {isa = PBXFileReference; lastKnownFileType = sourcecode.swift; path = TripRowView.swift; sourceTree = "<group>"; };
		BFB2A6B825666D1300897B2A /* TrainFetcher.swift */ = {isa = PBXFileReference; lastKnownFileType = sourcecode.swift; path = TrainFetcher.swift; sourceTree = "<group>"; };
		BFC7ACC22568DF0200932A42 /* TripInfoView.swift */ = {isa = PBXFileReference; lastKnownFileType = sourcecode.swift; path = TripInfoView.swift; sourceTree = "<group>"; };
		BFC9F04125B13D1700237ACA /* TripDetailConfirmationView.swift */ = {isa = PBXFileReference; lastKnownFileType = sourcecode.swift; path = TripDetailConfirmationView.swift; sourceTree = "<group>"; };
		BFC9F04525B13DFF00237ACA /* AddTripCapsule.swift */ = {isa = PBXFileReference; lastKnownFileType = sourcecode.swift; path = AddTripCapsule.swift; sourceTree = "<group>"; };
		BFE578912566B03700D4E3C7 /* TripFetcher.swift */ = {isa = PBXFileReference; lastKnownFileType = sourcecode.swift; path = TripFetcher.swift; sourceTree = "<group>"; };
		BFFACA222566403900C11400 /* LocationManager.swift */ = {isa = PBXFileReference; lastKnownFileType = sourcecode.swift; path = LocationManager.swift; sourceTree = "<group>"; };
/* End PBXFileReference section */

/* Begin PBXFrameworksBuildPhase section */
		BF20A66025661FBD00BA4981 /* Frameworks */ = {
			isa = PBXFrameworksBuildPhase;
			buildActionMask = 2147483647;
			files = (
				BF85B71C2567FB00007CF1B7 /* SPAlert in Frameworks */,
				BF6602712791623B00BC4034 /* Introspect in Frameworks */,
				BFB2A6B625666CED00897B2A /* Kanna in Frameworks */,
				BF20A6812566204C00BA4981 /* CloudKit.framework in Frameworks */,
			);
			runOnlyForDeploymentPostprocessing = 0;
		};
		BF99EFEB279D955700C41531 /* Frameworks */ = {
			isa = PBXFrameworksBuildPhase;
			buildActionMask = 2147483647;
			files = (
				BF99F01A279D96BB00C41531 /* Kanna in Frameworks */,
				BF99F02D279D9A9500C41531 /* CloudKit.framework in Frameworks */,
			);
			runOnlyForDeploymentPostprocessing = 0;
		};
		BF9DFD2325905C8C00C6CEF4 /* Frameworks */ = {
			isa = PBXFrameworksBuildPhase;
			buildActionMask = 2147483647;
			files = (
				BF9DFD2825905C8D00C6CEF4 /* Intents.framework in Frameworks */,
				BF9DFD4225905E5300C6CEF4 /* CloudKit.framework in Frameworks */,
			);
			runOnlyForDeploymentPostprocessing = 0;
		};
/* End PBXFrameworksBuildPhase section */

/* Begin PBXGroup section */
		BF17D9E625A84D630020C85A /* Model */ = {
			isa = PBXGroup;
			children = (
				BF17D9EA25A856220020C85A /* Train */,
				BF17D9E725A84DBA0020C85A /* Trip */,
				BF17D9EB25A856500020C85A /* Utilities */,
			);
			path = Model;
			sourceTree = "<group>";
		};
		BF17D9E725A84DBA0020C85A /* Trip */ = {
			isa = PBXGroup;
			children = (
				BFB14AAC257B2AC00003A4AF /* Trip.swift */,
				BFE578912566B03700D4E3C7 /* TripFetcher.swift */,
				BF20A6842566247400BA4981 /* TripAdder.swift */,
			);
			path = Trip;
			sourceTree = "<group>";
		};
		BF17D9EA25A856220020C85A /* Train */ = {
			isa = PBXGroup;
			children = (
				BF14A51A256683B800535458 /* Train.swift */,
				BF14A51D2566840200535458 /* TrainType.swift */,
				BFB2A6B825666D1300897B2A /* TrainFetcher.swift */,
				BF30A88D2567CE1D00652311 /* TrainLookup.swift */,
				BF14A52025668B6400535458 /* TrainSets.swift */,
			);
			path = Train;
			sourceTree = "<group>";
		};
		BF17D9EB25A856500020C85A /* Utilities */ = {
			isa = PBXGroup;
			children = (
				BFFACA222566403900C11400 /* LocationManager.swift */,
				BFB14AB4257B38A20003A4AF /* Date.swift */,
			);
			path = Utilities;
			sourceTree = "<group>";
		};
		BF17D9F225A856BB0020C85A /* Trip Views */ = {
			isa = PBXGroup;
			children = (
				BF7DDF2025663016007885BA /* AllTripsView.swift */,
				BFB2A6B125666B9200897B2A /* TripRowView.swift */,
				BF17DA1125A859240020C85A /* Trip Info Views */,
				BF328B6A25679E1A00203A9F /* NewTripButtonView.swift */,
				BF17DA0025A857970020C85A /* Trip Adder Views */,
			);
			path = "Trip Views";
			sourceTree = "<group>";
		};
		BF17D9F525A8570A0020C85A /* Train Views */ = {
			isa = PBXGroup;
			children = (
				BF17D9F825A857430020C85A /* Set List */,
				BF17D9FB25A8575A0020C85A /* Train List */,
				BF17DA0325A857CE0020C85A /* Train Detail */,
			);
			path = "Train Views";
			sourceTree = "<group>";
		};
		BF17D9F825A857430020C85A /* Set List */ = {
			isa = PBXGroup;
			children = (
				BF14A5232566912600535458 /* SetsList.swift */,
				BF14A526256692A300535458 /* SetsListItem.swift */,
				BF17DA1525A859520020C85A /* Subviews */,
			);
			path = "Set List";
			sourceTree = "<group>";
		};
		BF17D9FB25A8575A0020C85A /* Train List */ = {
			isa = PBXGroup;
			children = (
				BF4BCC3D2566A4D500C1460E /* SetTrainList.swift */,
				BF4BCC402566A4E100C1460E /* SetTrainListItem.swift */,
			);
			path = "Train List";
			sourceTree = "<group>";
		};
		BF17DA0025A857970020C85A /* Trip Adder Views */ = {
			isa = PBXGroup;
			children = (
				BF4AC6672567B72F00B4ED6C /* EnterCarriageView.swift */,
				BF23680C279D6E3B0007EBBB /* EnteredCarriageManager.swift */,
				BF30A8902567D04500652311 /* EnteredCarriageResultParentView.swift */,
				BF30A8932567D10600652311 /* BluePillButtonView.swift */,
				BFC9F04125B13D1700237ACA /* TripDetailConfirmationView.swift */,
				BF2367FF279D5B6C0007EBBB /* CameraView.swift */,
				BF236801279D5C650007EBBB /* Camera */,
			);
			path = "Trip Adder Views";
			sourceTree = "<group>";
		};
		BF17DA0325A857CE0020C85A /* Train Detail */ = {
			isa = PBXGroup;
			children = (
				BF30A8962567D45200652311 /* TrainDetailView.swift */,
				BF17DA0825A858A40020C85A /* Subviews */,
			);
			path = "Train Detail";
			sourceTree = "<group>";
		};
		BF17DA0825A858A40020C85A /* Subviews */ = {
			isa = PBXGroup;
			children = (
				BF85B71E2568980E007CF1B7 /* TrainHeaderView.swift */,
				BFC9F04525B13DFF00237ACA /* AddTripCapsule.swift */,
				BF17D9E225A81B7B0020C85A /* LargeHeaderText.swift */,
				BF30A89E2567DFB200652311 /* VisualTrainView.swift */,
			);
			path = Subviews;
			sourceTree = "<group>";
		};
		BF17DA1125A859240020C85A /* Trip Info Views */ = {
			isa = PBXGroup;
			children = (
				BFC7ACC22568DF0200932A42 /* TripInfoView.swift */,
				BF17DA1425A859390020C85A /* Subviews */,
			);
			path = "Trip Info Views";
			sourceTree = "<group>";
		};
		BF17DA1425A859390020C85A /* Subviews */ = {
			isa = PBXGroup;
			children = (
				BFB14AB1257B30430003A4AF /* MapView.swift */,
			);
			path = Subviews;
			sourceTree = "<group>";
		};
		BF17DA1525A859520020C85A /* Subviews */ = {
			isa = PBXGroup;
			children = (
				BFB14AB9257B3F9A0003A4AF /* ProgressRing.swift */,
			);
			path = Subviews;
			sourceTree = "<group>";
		};
		BF17DA1925A859860020C85A /* View */ = {
			isa = PBXGroup;
			children = (
				BF20A66A25661FBD00BA4981 /* ContentView.swift */,
				BF17D9F225A856BB0020C85A /* Trip Views */,
				BF17D9F525A8570A0020C85A /* Train Views */,
				BF15CF8825A88176002366B3 /* PreviewContextMenu.swift */,
			);
			path = View;
			sourceTree = "<group>";
		};
		BF17DA1C25A85A630020C85A /* Utilities */ = {
			isa = PBXGroup;
			children = (
				BF17DA1D25A85A720020C85A /* Delegates */,
				BF20A66F25661FC800BA4981 /* Assets.xcassets */,
				BF20A67E2566204900BA4981 /* TrainTrack.entitlements */,
				BF20A67425661FC800BA4981 /* LaunchScreen.storyboard */,
				BF20A67725661FC800BA4981 /* Info.plist */,
			);
			path = Utilities;
			sourceTree = "<group>";
		};
		BF17DA1D25A85A720020C85A /* Delegates */ = {
			isa = PBXGroup;
			children = (
				BF20A66625661FBD00BA4981 /* AppDelegate.swift */,
				BF6C2B4E279C07B0006D2201 /* AppShortcutHandler.swift */,
				BF20A66825661FBD00BA4981 /* SceneDelegate.swift */,
			);
			path = Delegates;
			sourceTree = "<group>";
		};
		BF20A65A25661FBD00BA4981 = {
			isa = PBXGroup;
			children = (
				BF99F00A279D959A00C41531 /* Shared */,
				BF20A66525661FBD00BA4981 /* TrainTrack */,
				BF9DFD2925905C8D00C6CEF4 /* AddTripIntent */,
				BF99EFE7279D955600C41531 /* TrainTrack Watch */,
				BF99EFF2279D955700C41531 /* TrainTrack Watch WatchKit Extension */,
				BF20A66425661FBD00BA4981 /* Products */,
				BF20A67F2566204C00BA4981 /* Frameworks */,
			);
			sourceTree = "<group>";
		};
		BF20A66425661FBD00BA4981 /* Products */ = {
			isa = PBXGroup;
			children = (
				BF20A66325661FBD00BA4981 /* TrainTrack.app */,
				BF9DFD2625905C8C00C6CEF4 /* AddTripIntent.appex */,
				BF99EFE6279D955600C41531 /* TrainTrack Watch.app */,
				BF99EFEE279D955700C41531 /* TrainTrack Watch WatchKit Extension.appex */,
			);
			name = Products;
			sourceTree = "<group>";
		};
		BF20A66525661FBD00BA4981 /* TrainTrack */ = {
			isa = PBXGroup;
			children = (
				BF17DA1925A859860020C85A /* View */,
				BF17DA1C25A85A630020C85A /* Utilities */,
				BF20A67125661FC800BA4981 /* Preview Content */,
			);
			path = TrainTrack;
			sourceTree = "<group>";
		};
		BF20A67125661FC800BA4981 /* Preview Content */ = {
			isa = PBXGroup;
			children = (
				BF20A67225661FC800BA4981 /* Preview Assets.xcassets */,
			);
			path = "Preview Content";
			sourceTree = "<group>";
		};
		BF20A67F2566204C00BA4981 /* Frameworks */ = {
			isa = PBXGroup;
			children = (
				BF99F02C279D9A9500C41531 /* CloudKit.framework */,
				BF20A6802566204C00BA4981 /* CloudKit.framework */,
				BF9DFD2725905C8D00C6CEF4 /* Intents.framework */,
			);
			name = Frameworks;
			sourceTree = "<group>";
		};
		BF236801279D5C650007EBBB /* Camera */ = {
			isa = PBXGroup;
			children = (
				BF236803279D5C8D0007EBBB /* PreviewView.swift */,
				BF236804279D5C8D0007EBBB /* StringUtils.swift */,
				BF236805279D5C8D0007EBBB /* ViewController.swift */,
				BF236802279D5C8D0007EBBB /* VisionViewController.swift */,
				BF23680A279D5E500007EBBB /* CameraView.storyboard */,
			);
			path = Camera;
			sourceTree = "<group>";
		};
		BF99EFE7279D955600C41531 /* TrainTrack Watch */ = {
			isa = PBXGroup;
			children = (
				BF99EFE8279D955700C41531 /* Assets.xcassets */,
			);
			path = "TrainTrack Watch";
			sourceTree = "<group>";
		};
		BF99EFF2279D955700C41531 /* TrainTrack Watch WatchKit Extension */ = {
			isa = PBXGroup;
			children = (
				BF99F02B279D9A9200C41531 /* TrainTrack Watch WatchKit Extension.entitlements */,
				BF99EFF3279D955700C41531 /* ContentView.swift */,
				BF99EFF5279D955700C41531 /* TrainTrackApp.swift */,
				BF99EFF7279D955700C41531 /* ComplicationController.swift */,
				BF99EFF9279D955700C41531 /* Assets.xcassets */,
				BF99EFFE279D955700C41531 /* Info.plist */,
				BF99EFFB279D955700C41531 /* Preview Content */,
			);
			path = "TrainTrack Watch WatchKit Extension";
			sourceTree = "<group>";
		};
		BF99EFFB279D955700C41531 /* Preview Content */ = {
			isa = PBXGroup;
			children = (
				BF99EFFC279D955700C41531 /* Preview Assets.xcassets */,
			);
			path = "Preview Content";
			sourceTree = "<group>";
		};
		BF99F00A279D959A00C41531 /* Shared */ = {
			isa = PBXGroup;
			children = (
				BF99F00B279D95B300C41531 /* TTCloudKit.swift */,
				BF20A66C25661FBD00BA4981 /* TrainTrack.xcdatamodeld */,
				BF99F028279D993A00C41531 /* TrainImages.xcassets */,
				BF17D9E625A84D630020C85A /* Model */,
			);
			path = Shared;
			sourceTree = "<group>";
		};
		BF9DFD2925905C8D00C6CEF4 /* AddTripIntent */ = {
			isa = PBXGroup;
			children = (
				BF9DFD3025905C9200C6CEF4 /* AddTripIntent.entitlements */,
				BF9DFD2A25905C8D00C6CEF4 /* IntentHandler.swift */,
				BF9DFD3725905CEA00C6CEF4 /* Intents.intentdefinition */,
				BF9DFD2C25905C8D00C6CEF4 /* Info.plist */,
			);
			path = AddTripIntent;
			sourceTree = "<group>";
		};
/* End PBXGroup section */

/* Begin PBXNativeTarget section */
		BF20A66225661FBD00BA4981 /* TrainTrack */ = {
			isa = PBXNativeTarget;
			buildConfigurationList = BF20A67A25661FC800BA4981 /* Build configuration list for PBXNativeTarget "TrainTrack" */;
			buildPhases = (
				BF20A65F25661FBD00BA4981 /* Sources */,
				BF20A66025661FBD00BA4981 /* Frameworks */,
				BF20A66125661FBD00BA4981 /* Resources */,
				BF9DFD3125905C9400C6CEF4 /* Embed App Extensions */,
				BF99F002279D955700C41531 /* Embed Watch Content */,
			);
			buildRules = (
			);
			dependencies = (
				BF9DFD2E25905C8D00C6CEF4 /* PBXTargetDependency */,
				BF99F000279D955700C41531 /* PBXTargetDependency */,
			);
			name = TrainTrack;
			packageProductDependencies = (
				BFB2A6B525666CED00897B2A /* Kanna */,
				BF85B71B2567FB00007CF1B7 /* SPAlert */,
				BF6602702791623B00BC4034 /* Introspect */,
			);
			productName = TrainTrack;
			productReference = BF20A66325661FBD00BA4981 /* TrainTrack.app */;
			productType = "com.apple.product-type.application";
		};
		BF99EFE5279D955600C41531 /* TrainTrack Watch */ = {
			isa = PBXNativeTarget;
			buildConfigurationList = BF99F009279D955700C41531 /* Build configuration list for PBXNativeTarget "TrainTrack Watch" */;
			buildPhases = (
				BF99EFE4279D955600C41531 /* Resources */,
				BF99F005279D955700C41531 /* Embed App Extensions */,
			);
			buildRules = (
			);
			dependencies = (
				BF99EFF1279D955700C41531 /* PBXTargetDependency */,
			);
			name = "TrainTrack Watch";
			productName = "TrainTrack Watch";
			productReference = BF99EFE6279D955600C41531 /* TrainTrack Watch.app */;
			productType = "com.apple.product-type.application.watchapp2";
		};
		BF99EFED279D955700C41531 /* TrainTrack Watch WatchKit Extension */ = {
			isa = PBXNativeTarget;
			buildConfigurationList = BF99F008279D955700C41531 /* Build configuration list for PBXNativeTarget "TrainTrack Watch WatchKit Extension" */;
			buildPhases = (
				BF99EFEA279D955700C41531 /* Sources */,
				BF99EFEB279D955700C41531 /* Frameworks */,
				BF99EFEC279D955700C41531 /* Resources */,
			);
			buildRules = (
			);
			dependencies = (
			);
			name = "TrainTrack Watch WatchKit Extension";
			packageProductDependencies = (
				BF99F019279D96BB00C41531 /* Kanna */,
			);
			productName = "TrainTrack Watch WatchKit Extension";
			productReference = BF99EFEE279D955700C41531 /* TrainTrack Watch WatchKit Extension.appex */;
			productType = "com.apple.product-type.watchkit2-extension";
		};
		BF9DFD2525905C8C00C6CEF4 /* AddTripIntent */ = {
			isa = PBXNativeTarget;
			buildConfigurationList = BF9DFD3425905C9400C6CEF4 /* Build configuration list for PBXNativeTarget "AddTripIntent" */;
			buildPhases = (
				BF9DFD2225905C8C00C6CEF4 /* Sources */,
				BF9DFD2325905C8C00C6CEF4 /* Frameworks */,
				BF9DFD2425905C8C00C6CEF4 /* Resources */,
			);
			buildRules = (
			);
			dependencies = (
			);
			name = AddTripIntent;
			productName = AddTripIntent;
			productReference = BF9DFD2625905C8C00C6CEF4 /* AddTripIntent.appex */;
			productType = "com.apple.product-type.app-extension";
		};
/* End PBXNativeTarget section */

/* Begin PBXProject section */
		BF20A65B25661FBD00BA4981 /* Project object */ = {
			isa = PBXProject;
			attributes = {
				LastSwiftUpdateCheck = 1320;
				LastUpgradeCheck = 1220;
				TargetAttributes = {
					BF20A66225661FBD00BA4981 = {
						CreatedOnToolsVersion = 12.2;
					};
					BF99EFE5279D955600C41531 = {
						CreatedOnToolsVersion = 13.2.1;
					};
					BF99EFED279D955700C41531 = {
						CreatedOnToolsVersion = 13.2.1;
					};
					BF9DFD2525905C8C00C6CEF4 = {
						CreatedOnToolsVersion = 12.3;
					};
				};
			};
			buildConfigurationList = BF20A65E25661FBD00BA4981 /* Build configuration list for PBXProject "TrainTrack" */;
			compatibilityVersion = "Xcode 9.3";
			developmentRegion = en;
			hasScannedForEncodings = 0;
			knownRegions = (
				en,
				Base,
			);
			mainGroup = BF20A65A25661FBD00BA4981;
			packageReferences = (
				BFB2A6B425666CED00897B2A /* XCRemoteSwiftPackageReference "Kanna" */,
				BF85B71A2567FB00007CF1B7 /* XCRemoteSwiftPackageReference "SPAlert" */,
				BF66026F2791623B00BC4034 /* XCRemoteSwiftPackageReference "SwiftUI-Introspect" */,
			);
			productRefGroup = BF20A66425661FBD00BA4981 /* Products */;
			projectDirPath = "";
			projectRoot = "";
			targets = (
				BF20A66225661FBD00BA4981 /* TrainTrack */,
				BF9DFD2525905C8C00C6CEF4 /* AddTripIntent */,
				BF99EFE5279D955600C41531 /* TrainTrack Watch */,
				BF99EFED279D955700C41531 /* TrainTrack Watch WatchKit Extension */,
			);
		};
/* End PBXProject section */

/* Begin PBXResourcesBuildPhase section */
		BF20A66125661FBD00BA4981 /* Resources */ = {
			isa = PBXResourcesBuildPhase;
			buildActionMask = 2147483647;
			files = (
				BF20A67625661FC800BA4981 /* LaunchScreen.storyboard in Resources */,
				BF20A67325661FC800BA4981 /* Preview Assets.xcassets in Resources */,
				BF20A67025661FC800BA4981 /* Assets.xcassets in Resources */,
				BF23680B279D5E500007EBBB /* CameraView.storyboard in Resources */,
				BF99F029279D993A00C41531 /* TrainImages.xcassets in Resources */,
			);
			runOnlyForDeploymentPostprocessing = 0;
		};
		BF99EFE4279D955600C41531 /* Resources */ = {
			isa = PBXResourcesBuildPhase;
			buildActionMask = 2147483647;
			files = (
				BF99EFE9279D955700C41531 /* Assets.xcassets in Resources */,
			);
			runOnlyForDeploymentPostprocessing = 0;
		};
		BF99EFEC279D955700C41531 /* Resources */ = {
			isa = PBXResourcesBuildPhase;
			buildActionMask = 2147483647;
			files = (
				BF99EFFD279D955700C41531 /* Preview Assets.xcassets in Resources */,
				BF99EFFA279D955700C41531 /* Assets.xcassets in Resources */,
				BF99F02A279D993E00C41531 /* TrainImages.xcassets in Resources */,
			);
			runOnlyForDeploymentPostprocessing = 0;
		};
		BF9DFD2425905C8C00C6CEF4 /* Resources */ = {
			isa = PBXResourcesBuildPhase;
			buildActionMask = 2147483647;
			files = (
			);
			runOnlyForDeploymentPostprocessing = 0;
		};
/* End PBXResourcesBuildPhase section */

/* Begin PBXSourcesBuildPhase section */
		BF20A65F25661FBD00BA4981 /* Sources */ = {
			isa = PBXSourcesBuildPhase;
			buildActionMask = 2147483647;
			files = (
				BFB2A6B225666B9200897B2A /* TripRowView.swift in Sources */,
				BF30A8912567D04600652311 /* EnteredCarriageResultParentView.swift in Sources */,
				BF7DDF1725662AB6007885BA /* TripAdder.swift in Sources */,
				BF9DFD3D25905DF000C6CEF4 /* Intents.intentdefinition in Sources */,
				BF14A5242566912700535458 /* SetsList.swift in Sources */,
				BF4BCC3E2566A4D500C1460E /* SetTrainList.swift in Sources */,
				BF6C2B4F279C07B0006D2201 /* AppShortcutHandler.swift in Sources */,
				BF4BCC412566A4E100C1460E /* SetTrainListItem.swift in Sources */,
				BF236809279D5C8D0007EBBB /* ViewController.swift in Sources */,
				BF14A51B256683B800535458 /* Train.swift in Sources */,
				BFB14AB2257B30430003A4AF /* MapView.swift in Sources */,
				BF236800279D5B6C0007EBBB /* CameraView.swift in Sources */,
				BF20A66725661FBD00BA4981 /* AppDelegate.swift in Sources */,
				BF7DDF2125663016007885BA /* AllTripsView.swift in Sources */,
				BF30A8972567D45200652311 /* TrainDetailView.swift in Sources */,
				BF20A66925661FBD00BA4981 /* SceneDelegate.swift in Sources */,
				BFFACA232566403900C11400 /* LocationManager.swift in Sources */,
				BF30A8942567D10600652311 /* BluePillButtonView.swift in Sources */,
				BF30A88E2567CE1D00652311 /* TrainLookup.swift in Sources */,
				BF15CF8925A88176002366B3 /* PreviewContextMenu.swift in Sources */,
				BFB14AAD257B2AC00003A4AF /* Trip.swift in Sources */,
				BF14A52125668B6400535458 /* TrainSets.swift in Sources */,
				BF85B71F2568980F007CF1B7 /* TrainHeaderView.swift in Sources */,
				BFB14ABA257B3F9A0003A4AF /* ProgressRing.swift in Sources */,
				BF20A66E25661FBD00BA4981 /* TrainTrack.xcdatamodeld in Sources */,
				BF4AC6682567B72F00B4ED6C /* EnterCarriageView.swift in Sources */,
				BF30A89F2567DFB200652311 /* VisualTrainView.swift in Sources */,
				BF236807279D5C8D0007EBBB /* PreviewView.swift in Sources */,
				BFB2A6B925666D1300897B2A /* TrainFetcher.swift in Sources */,
				BF23680D279D6E3B0007EBBB /* EnteredCarriageManager.swift in Sources */,
				BF20A66B25661FBD00BA4981 /* ContentView.swift in Sources */,
				BF328B6B25679E1A00203A9F /* NewTripButtonView.swift in Sources */,
				BF14A51E2566840200535458 /* TrainType.swift in Sources */,
				BFC9F04225B13D1800237ACA /* TripDetailConfirmationView.swift in Sources */,
				BFB14AB5257B38A30003A4AF /* Date.swift in Sources */,
				BFE578922566B03700D4E3C7 /* TripFetcher.swift in Sources */,
				BF17D9E325A81B7B0020C85A /* LargeHeaderText.swift in Sources */,
				BF236806279D5C8D0007EBBB /* VisionViewController.swift in Sources */,
				BF236808279D5C8D0007EBBB /* StringUtils.swift in Sources */,
				BF99F00C279D95B300C41531 /* TTCloudKit.swift in Sources */,
				BF14A527256692A300535458 /* SetsListItem.swift in Sources */,
				BFC7ACC32568DF0200932A42 /* TripInfoView.swift in Sources */,
				BFC9F04625B13DFF00237ACA /* AddTripCapsule.swift in Sources */,
			);
			runOnlyForDeploymentPostprocessing = 0;
		};
		BF99EFEA279D955700C41531 /* Sources */ = {
			isa = PBXSourcesBuildPhase;
			buildActionMask = 2147483647;
			files = (
				BF99F020279D97A300C41531 /* TrainDetailView.swift in Sources */,
				BF99F010279D969700C41531 /* Trip.swift in Sources */,
				BF99F012279D969700C41531 /* TripAdder.swift in Sources */,
				BF99F015279D969B00C41531 /* Train.swift in Sources */,
				BF99F026279D989C00C41531 /* TripRowView.swift in Sources */,
				BF99F00E279D969000C41531 /* LocationManager.swift in Sources */,
				BF99F01C279D978000C41531 /* SetsList.swift in Sources */,
				BF99F016279D969B00C41531 /* TrainFetcher.swift in Sources */,
				BF99F01B279D96D200C41531 /* TrainTrack.xcdatamodeld in Sources */,
				BF99F024279D986200C41531 /* TrainHeaderView.swift in Sources */,
				BF99F025279D989100C41531 /* LargeHeaderText.swift in Sources */,
				BF99F00F279D969400C41531 /* Date.swift in Sources */,
				BF99F017279D969B00C41531 /* TrainType.swift in Sources */,
				BF99F023279D980500C41531 /* AddTripCapsule.swift in Sources */,
				BF99EFF6279D955700C41531 /* TrainTrackApp.swift in Sources */,
				BF99EFF4279D955700C41531 /* ContentView.swift in Sources */,
				BF99F021279D97A800C41531 /* SetTrainListItem.swift in Sources */,
				BF99F027279D98A200C41531 /* VisualTrainView.swift in Sources */,
				BF99F01D279D978700C41531 /* SetsListItem.swift in Sources */,
				BF99EFF8279D955700C41531 /* ComplicationController.swift in Sources */,
				BF99F018279D96A800C41531 /* TTCloudKit.swift in Sources */,
				BF99F01E279D978D00C41531 /* ProgressRing.swift in Sources */,
				BF99F013279D969B00C41531 /* TrainLookup.swift in Sources */,
				BF99F011279D969700C41531 /* TripFetcher.swift in Sources */,
				BF99F014279D969B00C41531 /* TrainSets.swift in Sources */,
				BF99F01F279D979600C41531 /* SetTrainList.swift in Sources */,
			);
			runOnlyForDeploymentPostprocessing = 0;
		};
		BF9DFD2225905C8C00C6CEF4 /* Sources */ = {
			isa = PBXSourcesBuildPhase;
			buildActionMask = 2147483647;
			files = (
				BF9DFD3825905CEA00C6CEF4 /* Intents.intentdefinition in Sources */,
				BF9DFD2B25905C8D00C6CEF4 /* IntentHandler.swift in Sources */,
			);
			runOnlyForDeploymentPostprocessing = 0;
		};
/* End PBXSourcesBuildPhase section */

/* Begin PBXTargetDependency section */
		BF99EFF1279D955700C41531 /* PBXTargetDependency */ = {
			isa = PBXTargetDependency;
			target = BF99EFED279D955700C41531 /* TrainTrack Watch WatchKit Extension */;
			targetProxy = BF99EFF0279D955700C41531 /* PBXContainerItemProxy */;
		};
		BF99F000279D955700C41531 /* PBXTargetDependency */ = {
			isa = PBXTargetDependency;
			target = BF99EFE5279D955600C41531 /* TrainTrack Watch */;
			targetProxy = BF99EFFF279D955700C41531 /* PBXContainerItemProxy */;
		};
		BF9DFD2E25905C8D00C6CEF4 /* PBXTargetDependency */ = {
			isa = PBXTargetDependency;
			target = BF9DFD2525905C8C00C6CEF4 /* AddTripIntent */;
			targetProxy = BF9DFD2D25905C8D00C6CEF4 /* PBXContainerItemProxy */;
		};
/* End PBXTargetDependency section */

/* Begin PBXVariantGroup section */
		BF20A67425661FC800BA4981 /* LaunchScreen.storyboard */ = {
			isa = PBXVariantGroup;
			children = (
				BF20A67525661FC800BA4981 /* Base */,
			);
			name = LaunchScreen.storyboard;
			sourceTree = "<group>";
		};
/* End PBXVariantGroup section */

/* Begin XCBuildConfiguration section */
		BF20A67825661FC800BA4981 /* Debug */ = {
			isa = XCBuildConfiguration;
			buildSettings = {
				ALWAYS_SEARCH_USER_PATHS = NO;
				CLANG_ANALYZER_NONNULL = YES;
				CLANG_ANALYZER_NUMBER_OBJECT_CONVERSION = YES_AGGRESSIVE;
				CLANG_CXX_LANGUAGE_STANDARD = "gnu++14";
				CLANG_CXX_LIBRARY = "libc++";
				CLANG_ENABLE_MODULES = YES;
				CLANG_ENABLE_OBJC_ARC = YES;
				CLANG_ENABLE_OBJC_WEAK = YES;
				CLANG_WARN_BLOCK_CAPTURE_AUTORELEASING = YES;
				CLANG_WARN_BOOL_CONVERSION = YES;
				CLANG_WARN_COMMA = YES;
				CLANG_WARN_CONSTANT_CONVERSION = YES;
				CLANG_WARN_DEPRECATED_OBJC_IMPLEMENTATIONS = YES;
				CLANG_WARN_DIRECT_OBJC_ISA_USAGE = YES_ERROR;
				CLANG_WARN_DOCUMENTATION_COMMENTS = YES;
				CLANG_WARN_EMPTY_BODY = YES;
				CLANG_WARN_ENUM_CONVERSION = YES;
				CLANG_WARN_INFINITE_RECURSION = YES;
				CLANG_WARN_INT_CONVERSION = YES;
				CLANG_WARN_NON_LITERAL_NULL_CONVERSION = YES;
				CLANG_WARN_OBJC_IMPLICIT_RETAIN_SELF = YES;
				CLANG_WARN_OBJC_LITERAL_CONVERSION = YES;
				CLANG_WARN_OBJC_ROOT_CLASS = YES_ERROR;
				CLANG_WARN_QUOTED_INCLUDE_IN_FRAMEWORK_HEADER = YES;
				CLANG_WARN_RANGE_LOOP_ANALYSIS = YES;
				CLANG_WARN_STRICT_PROTOTYPES = YES;
				CLANG_WARN_SUSPICIOUS_MOVE = YES;
				CLANG_WARN_UNGUARDED_AVAILABILITY = YES_AGGRESSIVE;
				CLANG_WARN_UNREACHABLE_CODE = YES;
				CLANG_WARN__DUPLICATE_METHOD_MATCH = YES;
				COPY_PHASE_STRIP = NO;
				DEBUG_INFORMATION_FORMAT = dwarf;
				ENABLE_STRICT_OBJC_MSGSEND = YES;
				ENABLE_TESTABILITY = YES;
				GCC_C_LANGUAGE_STANDARD = gnu11;
				GCC_DYNAMIC_NO_PIC = NO;
				GCC_NO_COMMON_BLOCKS = YES;
				GCC_OPTIMIZATION_LEVEL = 0;
				GCC_PREPROCESSOR_DEFINITIONS = (
					"DEBUG=1",
					"$(inherited)",
				);
				GCC_WARN_64_TO_32_BIT_CONVERSION = YES;
				GCC_WARN_ABOUT_RETURN_TYPE = YES_ERROR;
				GCC_WARN_UNDECLARED_SELECTOR = YES;
				GCC_WARN_UNINITIALIZED_AUTOS = YES_AGGRESSIVE;
				GCC_WARN_UNUSED_FUNCTION = YES;
				GCC_WARN_UNUSED_VARIABLE = YES;
				IPHONEOS_DEPLOYMENT_TARGET = 14.2;
				MTL_ENABLE_DEBUG_INFO = INCLUDE_SOURCE;
				MTL_FAST_MATH = YES;
				ONLY_ACTIVE_ARCH = YES;
				SDKROOT = iphoneos;
				SWIFT_ACTIVE_COMPILATION_CONDITIONS = DEBUG;
				SWIFT_OPTIMIZATION_LEVEL = "-Onone";
			};
			name = Debug;
		};
		BF20A67925661FC800BA4981 /* Release */ = {
			isa = XCBuildConfiguration;
			buildSettings = {
				ALWAYS_SEARCH_USER_PATHS = NO;
				CLANG_ANALYZER_NONNULL = YES;
				CLANG_ANALYZER_NUMBER_OBJECT_CONVERSION = YES_AGGRESSIVE;
				CLANG_CXX_LANGUAGE_STANDARD = "gnu++14";
				CLANG_CXX_LIBRARY = "libc++";
				CLANG_ENABLE_MODULES = YES;
				CLANG_ENABLE_OBJC_ARC = YES;
				CLANG_ENABLE_OBJC_WEAK = YES;
				CLANG_WARN_BLOCK_CAPTURE_AUTORELEASING = YES;
				CLANG_WARN_BOOL_CONVERSION = YES;
				CLANG_WARN_COMMA = YES;
				CLANG_WARN_CONSTANT_CONVERSION = YES;
				CLANG_WARN_DEPRECATED_OBJC_IMPLEMENTATIONS = YES;
				CLANG_WARN_DIRECT_OBJC_ISA_USAGE = YES_ERROR;
				CLANG_WARN_DOCUMENTATION_COMMENTS = YES;
				CLANG_WARN_EMPTY_BODY = YES;
				CLANG_WARN_ENUM_CONVERSION = YES;
				CLANG_WARN_INFINITE_RECURSION = YES;
				CLANG_WARN_INT_CONVERSION = YES;
				CLANG_WARN_NON_LITERAL_NULL_CONVERSION = YES;
				CLANG_WARN_OBJC_IMPLICIT_RETAIN_SELF = YES;
				CLANG_WARN_OBJC_LITERAL_CONVERSION = YES;
				CLANG_WARN_OBJC_ROOT_CLASS = YES_ERROR;
				CLANG_WARN_QUOTED_INCLUDE_IN_FRAMEWORK_HEADER = YES;
				CLANG_WARN_RANGE_LOOP_ANALYSIS = YES;
				CLANG_WARN_STRICT_PROTOTYPES = YES;
				CLANG_WARN_SUSPICIOUS_MOVE = YES;
				CLANG_WARN_UNGUARDED_AVAILABILITY = YES_AGGRESSIVE;
				CLANG_WARN_UNREACHABLE_CODE = YES;
				CLANG_WARN__DUPLICATE_METHOD_MATCH = YES;
				COPY_PHASE_STRIP = NO;
				DEBUG_INFORMATION_FORMAT = "dwarf-with-dsym";
				ENABLE_NS_ASSERTIONS = NO;
				ENABLE_STRICT_OBJC_MSGSEND = YES;
				GCC_C_LANGUAGE_STANDARD = gnu11;
				GCC_NO_COMMON_BLOCKS = YES;
				GCC_WARN_64_TO_32_BIT_CONVERSION = YES;
				GCC_WARN_ABOUT_RETURN_TYPE = YES_ERROR;
				GCC_WARN_UNDECLARED_SELECTOR = YES;
				GCC_WARN_UNINITIALIZED_AUTOS = YES_AGGRESSIVE;
				GCC_WARN_UNUSED_FUNCTION = YES;
				GCC_WARN_UNUSED_VARIABLE = YES;
				IPHONEOS_DEPLOYMENT_TARGET = 14.2;
				MTL_ENABLE_DEBUG_INFO = NO;
				MTL_FAST_MATH = YES;
				SDKROOT = iphoneos;
				SWIFT_COMPILATION_MODE = wholemodule;
				SWIFT_OPTIMIZATION_LEVEL = "-O";
				VALIDATE_PRODUCT = YES;
			};
			name = Release;
		};
		BF20A67B25661FC800BA4981 /* Debug */ = {
			isa = XCBuildConfiguration;
			buildSettings = {
				ALWAYS_EMBED_SWIFT_STANDARD_LIBRARIES = YES;
				ASSETCATALOG_COMPILER_APPICON_NAME = AppIcon;
				ASSETCATALOG_COMPILER_GLOBAL_ACCENT_COLOR_NAME = AccentColor;
				CODE_SIGN_ENTITLEMENTS = TrainTrack/Utilities/TrainTrack.entitlements;
				CODE_SIGN_STYLE = Automatic;
				DEVELOPMENT_ASSET_PATHS = "\"TrainTrack/Preview Content\"";
				DEVELOPMENT_TEAM = 5AMFX8X5ZN;
				ENABLE_PREVIEWS = YES;
				INFOPLIST_FILE = TrainTrack/Utilities/Info.plist;
				IPHONEOS_DEPLOYMENT_TARGET = 15.0;
				LD_RUNPATH_SEARCH_PATHS = (
					"$(inherited)",
					"@executable_path/Frameworks",
				);
				PRODUCT_BUNDLE_IDENTIFIER = ryankontos.TrainTrack;
				PRODUCT_NAME = "$(TARGET_NAME)";
				SUPPORTS_MACCATALYST = YES;
				SUPPORTS_MAC_DESIGNED_FOR_IPHONE_IPAD = YES;
				SWIFT_VERSION = 5.0;
				TARGETED_DEVICE_FAMILY = "1,2";
			};
			name = Debug;
		};
		BF20A67C25661FC800BA4981 /* Release */ = {
			isa = XCBuildConfiguration;
			buildSettings = {
				ALWAYS_EMBED_SWIFT_STANDARD_LIBRARIES = YES;
				ASSETCATALOG_COMPILER_APPICON_NAME = AppIcon;
				ASSETCATALOG_COMPILER_GLOBAL_ACCENT_COLOR_NAME = AccentColor;
				CODE_SIGN_ENTITLEMENTS = TrainTrack/Utilities/TrainTrack.entitlements;
				CODE_SIGN_STYLE = Automatic;
				DEVELOPMENT_ASSET_PATHS = "\"TrainTrack/Preview Content\"";
				DEVELOPMENT_TEAM = 5AMFX8X5ZN;
				ENABLE_PREVIEWS = YES;
				INFOPLIST_FILE = TrainTrack/Utilities/Info.plist;
				IPHONEOS_DEPLOYMENT_TARGET = 15.0;
				LD_RUNPATH_SEARCH_PATHS = (
					"$(inherited)",
					"@executable_path/Frameworks",
				);
				PRODUCT_BUNDLE_IDENTIFIER = ryankontos.TrainTrack;
				PRODUCT_NAME = "$(TARGET_NAME)";
				SUPPORTS_MACCATALYST = YES;
				SUPPORTS_MAC_DESIGNED_FOR_IPHONE_IPAD = YES;
				SWIFT_VERSION = 5.0;
				TARGETED_DEVICE_FAMILY = "1,2";
			};
			name = Release;
		};
		BF99F003279D955700C41531 /* Debug */ = {
			isa = XCBuildConfiguration;
			buildSettings = {
				ALWAYS_EMBED_SWIFT_STANDARD_LIBRARIES = YES;
				ASSETCATALOG_COMPILER_APPICON_NAME = AppIcon;
				ASSETCATALOG_COMPILER_GLOBAL_ACCENT_COLOR_NAME = AccentColor;
				CLANG_CXX_LANGUAGE_STANDARD = "gnu++17";
				CODE_SIGN_STYLE = Automatic;
				CURRENT_PROJECT_VERSION = 1;
				DEVELOPMENT_TEAM = 5AMFX8X5ZN;
				GENERATE_INFOPLIST_FILE = YES;
				IBSC_MODULE = TrainTrack_Watch_WatchKit_Extension;
				INFOPLIST_KEY_CFBundleDisplayName = "TrainTrack Watch";
				INFOPLIST_KEY_UISupportedInterfaceOrientations = "UIInterfaceOrientationPortrait UIInterfaceOrientationPortraitUpsideDown";
				INFOPLIST_KEY_WKCompanionAppBundleIdentifier = ryankontos.TrainTrack;
				MARKETING_VERSION = 1.0;
				PRODUCT_BUNDLE_IDENTIFIER = ryankontos.TrainTrack.watchkitapp;
				PRODUCT_NAME = "$(TARGET_NAME)";
				SDKROOT = watchos;
				SKIP_INSTALL = YES;
				SWIFT_EMIT_LOC_STRINGS = YES;
				SWIFT_VERSION = 5.0;
				TARGETED_DEVICE_FAMILY = 4;
				WATCHOS_DEPLOYMENT_TARGET = 8.3;
			};
			name = Debug;
		};
		BF99F004279D955700C41531 /* Release */ = {
			isa = XCBuildConfiguration;
			buildSettings = {
				ALWAYS_EMBED_SWIFT_STANDARD_LIBRARIES = YES;
				ASSETCATALOG_COMPILER_APPICON_NAME = AppIcon;
				ASSETCATALOG_COMPILER_GLOBAL_ACCENT_COLOR_NAME = AccentColor;
				CLANG_CXX_LANGUAGE_STANDARD = "gnu++17";
				CODE_SIGN_STYLE = Automatic;
				CURRENT_PROJECT_VERSION = 1;
				DEVELOPMENT_TEAM = 5AMFX8X5ZN;
				GENERATE_INFOPLIST_FILE = YES;
				IBSC_MODULE = TrainTrack_Watch_WatchKit_Extension;
				INFOPLIST_KEY_CFBundleDisplayName = "TrainTrack Watch";
				INFOPLIST_KEY_UISupportedInterfaceOrientations = "UIInterfaceOrientationPortrait UIInterfaceOrientationPortraitUpsideDown";
				INFOPLIST_KEY_WKCompanionAppBundleIdentifier = ryankontos.TrainTrack;
				MARKETING_VERSION = 1.0;
				PRODUCT_BUNDLE_IDENTIFIER = ryankontos.TrainTrack.watchkitapp;
				PRODUCT_NAME = "$(TARGET_NAME)";
				SDKROOT = watchos;
				SKIP_INSTALL = YES;
				SWIFT_EMIT_LOC_STRINGS = YES;
				SWIFT_VERSION = 5.0;
				TARGETED_DEVICE_FAMILY = 4;
				WATCHOS_DEPLOYMENT_TARGET = 8.3;
			};
			name = Release;
		};
		BF99F006279D955700C41531 /* Debug */ = {
			isa = XCBuildConfiguration;
			buildSettings = {
				ASSETCATALOG_COMPILER_COMPLICATION_NAME = Complication;
				CLANG_CXX_LANGUAGE_STANDARD = "gnu++17";
				CODE_SIGN_ENTITLEMENTS = "TrainTrack Watch WatchKit Extension/TrainTrack Watch WatchKit Extension.entitlements";
				CODE_SIGN_STYLE = Automatic;
				CURRENT_PROJECT_VERSION = 1;
				DEVELOPMENT_ASSET_PATHS = "\"TrainTrack Watch WatchKit Extension/Preview Content\"";
				DEVELOPMENT_TEAM = 5AMFX8X5ZN;
				ENABLE_PREVIEWS = YES;
				GENERATE_INFOPLIST_FILE = YES;
				INFOPLIST_FILE = "TrainTrack Watch WatchKit Extension/Info.plist";
				INFOPLIST_KEY_CFBundleDisplayName = "TrainTrack Watch WatchKit Extension";
				INFOPLIST_KEY_CLKComplicationPrincipalClass = TrainTrack_Watch_WatchKit_Extension.ComplicationController;
				INFOPLIST_KEY_NSHumanReadableCopyright = "";
				LD_RUNPATH_SEARCH_PATHS = (
					"$(inherited)",
					"@executable_path/Frameworks",
					"@executable_path/../../Frameworks",
				);
				MARKETING_VERSION = 1.0;
				PRODUCT_BUNDLE_IDENTIFIER = ryankontos.TrainTrack.watchkitapp.watchkitextension;
				PRODUCT_NAME = "${TARGET_NAME}";
				SDKROOT = watchos;
				SKIP_INSTALL = YES;
				SWIFT_EMIT_LOC_STRINGS = YES;
				SWIFT_VERSION = 5.0;
				TARGETED_DEVICE_FAMILY = 4;
				WATCHOS_DEPLOYMENT_TARGET = 8.3;
			};
			name = Debug;
		};
		BF99F007279D955700C41531 /* Release */ = {
			isa = XCBuildConfiguration;
			buildSettings = {
				ASSETCATALOG_COMPILER_COMPLICATION_NAME = Complication;
				CLANG_CXX_LANGUAGE_STANDARD = "gnu++17";
				CODE_SIGN_ENTITLEMENTS = "TrainTrack Watch WatchKit Extension/TrainTrack Watch WatchKit Extension.entitlements";
				CODE_SIGN_STYLE = Automatic;
				CURRENT_PROJECT_VERSION = 1;
				DEVELOPMENT_ASSET_PATHS = "\"TrainTrack Watch WatchKit Extension/Preview Content\"";
				DEVELOPMENT_TEAM = 5AMFX8X5ZN;
				ENABLE_PREVIEWS = YES;
				GENERATE_INFOPLIST_FILE = YES;
				INFOPLIST_FILE = "TrainTrack Watch WatchKit Extension/Info.plist";
				INFOPLIST_KEY_CFBundleDisplayName = "TrainTrack Watch WatchKit Extension";
				INFOPLIST_KEY_CLKComplicationPrincipalClass = TrainTrack_Watch_WatchKit_Extension.ComplicationController;
				INFOPLIST_KEY_NSHumanReadableCopyright = "";
				LD_RUNPATH_SEARCH_PATHS = (
					"$(inherited)",
					"@executable_path/Frameworks",
					"@executable_path/../../Frameworks",
				);
				MARKETING_VERSION = 1.0;
				PRODUCT_BUNDLE_IDENTIFIER = ryankontos.TrainTrack.watchkitapp.watchkitextension;
				PRODUCT_NAME = "${TARGET_NAME}";
				SDKROOT = watchos;
				SKIP_INSTALL = YES;
				SWIFT_EMIT_LOC_STRINGS = YES;
				SWIFT_VERSION = 5.0;
				TARGETED_DEVICE_FAMILY = 4;
				WATCHOS_DEPLOYMENT_TARGET = 8.3;
			};
			name = Release;
		};
		BF9DFD3225905C9400C6CEF4 /* Debug */ = {
			isa = XCBuildConfiguration;
			buildSettings = {
				CODE_SIGN_ENTITLEMENTS = AddTripIntent/AddTripIntent.entitlements;
				CODE_SIGN_STYLE = Automatic;
				DEVELOPMENT_TEAM = 5AMFX8X5ZN;
				INFOPLIST_FILE = AddTripIntent/Info.plist;
				IPHONEOS_DEPLOYMENT_TARGET = 15.0;
				LD_RUNPATH_SEARCH_PATHS = (
					"$(inherited)",
					"@executable_path/Frameworks",
					"@executable_path/../../Frameworks",
				);
				PRODUCT_BUNDLE_IDENTIFIER = ryankontos.TrainTrack.AddTripIntent;
				PRODUCT_NAME = "$(TARGET_NAME)";
				SKIP_INSTALL = YES;
				SUPPORTS_MACCATALYST = YES;
				SWIFT_VERSION = 5.0;
				TARGETED_DEVICE_FAMILY = "1,2";
			};
			name = Debug;
		};
		BF9DFD3325905C9400C6CEF4 /* Release */ = {
			isa = XCBuildConfiguration;
			buildSettings = {
				CODE_SIGN_ENTITLEMENTS = AddTripIntent/AddTripIntent.entitlements;
				CODE_SIGN_STYLE = Automatic;
				DEVELOPMENT_TEAM = 5AMFX8X5ZN;
				INFOPLIST_FILE = AddTripIntent/Info.plist;
				IPHONEOS_DEPLOYMENT_TARGET = 15.0;
				LD_RUNPATH_SEARCH_PATHS = (
					"$(inherited)",
					"@executable_path/Frameworks",
					"@executable_path/../../Frameworks",
				);
				PRODUCT_BUNDLE_IDENTIFIER = ryankontos.TrainTrack.AddTripIntent;
				PRODUCT_NAME = "$(TARGET_NAME)";
				SKIP_INSTALL = YES;
				SUPPORTS_MACCATALYST = YES;
				SWIFT_VERSION = 5.0;
				TARGETED_DEVICE_FAMILY = "1,2";
			};
			name = Release;
		};
/* End XCBuildConfiguration section */

/* Begin XCConfigurationList section */
		BF20A65E25661FBD00BA4981 /* Build configuration list for PBXProject "TrainTrack" */ = {
			isa = XCConfigurationList;
			buildConfigurations = (
				BF20A67825661FC800BA4981 /* Debug */,
				BF20A67925661FC800BA4981 /* Release */,
			);
			defaultConfigurationIsVisible = 0;
			defaultConfigurationName = Release;
		};
		BF20A67A25661FC800BA4981 /* Build configuration list for PBXNativeTarget "TrainTrack" */ = {
			isa = XCConfigurationList;
			buildConfigurations = (
				BF20A67B25661FC800BA4981 /* Debug */,
				BF20A67C25661FC800BA4981 /* Release */,
			);
			defaultConfigurationIsVisible = 0;
			defaultConfigurationName = Release;
		};
		BF99F008279D955700C41531 /* Build configuration list for PBXNativeTarget "TrainTrack Watch WatchKit Extension" */ = {
			isa = XCConfigurationList;
			buildConfigurations = (
				BF99F006279D955700C41531 /* Debug */,
				BF99F007279D955700C41531 /* Release */,
			);
			defaultConfigurationIsVisible = 0;
			defaultConfigurationName = Release;
		};
		BF99F009279D955700C41531 /* Build configuration list for PBXNativeTarget "TrainTrack Watch" */ = {
			isa = XCConfigurationList;
			buildConfigurations = (
				BF99F003279D955700C41531 /* Debug */,
				BF99F004279D955700C41531 /* Release */,
			);
			defaultConfigurationIsVisible = 0;
			defaultConfigurationName = Release;
		};
		BF9DFD3425905C9400C6CEF4 /* Build configuration list for PBXNativeTarget "AddTripIntent" */ = {
			isa = XCConfigurationList;
			buildConfigurations = (
				BF9DFD3225905C9400C6CEF4 /* Debug */,
				BF9DFD3325905C9400C6CEF4 /* Release */,
			);
			defaultConfigurationIsVisible = 0;
			defaultConfigurationName = Release;
		};
/* End XCConfigurationList section */

/* Begin XCRemoteSwiftPackageReference section */
		BF66026F2791623B00BC4034 /* XCRemoteSwiftPackageReference "SwiftUI-Introspect" */ = {
			isa = XCRemoteSwiftPackageReference;
			repositoryURL = "https://github.com/siteline/SwiftUI-Introspect.git";
			requirement = {
				branch = master;
				kind = branch;
			};
		};
		BF85B71A2567FB00007CF1B7 /* XCRemoteSwiftPackageReference "SPAlert" */ = {
			isa = XCRemoteSwiftPackageReference;
			repositoryURL = "https://github.com/ivanvorobei/SPAlert";
			requirement = {
				kind = upToNextMajorVersion;
				minimumVersion = 2.1.4;
			};
		};
		BFB2A6B425666CED00897B2A /* XCRemoteSwiftPackageReference "Kanna" */ = {
			isa = XCRemoteSwiftPackageReference;
			repositoryURL = "https://github.com/tid-kijyun/Kanna.git";
			requirement = {
				kind = upToNextMajorVersion;
				minimumVersion = 5.2.3;
			};
		};
/* End XCRemoteSwiftPackageReference section */

/* Begin XCSwiftPackageProductDependency section */
		BF6602702791623B00BC4034 /* Introspect */ = {
			isa = XCSwiftPackageProductDependency;
			package = BF66026F2791623B00BC4034 /* XCRemoteSwiftPackageReference "SwiftUI-Introspect" */;
			productName = Introspect;
		};
		BF85B71B2567FB00007CF1B7 /* SPAlert */ = {
			isa = XCSwiftPackageProductDependency;
			package = BF85B71A2567FB00007CF1B7 /* XCRemoteSwiftPackageReference "SPAlert" */;
			productName = SPAlert;
		};
		BF99F019279D96BB00C41531 /* Kanna */ = {
			isa = XCSwiftPackageProductDependency;
			package = BFB2A6B425666CED00897B2A /* XCRemoteSwiftPackageReference "Kanna" */;
			productName = Kanna;
		};
		BFB2A6B525666CED00897B2A /* Kanna */ = {
			isa = XCSwiftPackageProductDependency;
			package = BFB2A6B425666CED00897B2A /* XCRemoteSwiftPackageReference "Kanna" */;
			productName = Kanna;
		};
/* End XCSwiftPackageProductDependency section */

/* Begin XCVersionGroup section */
		BF20A66C25661FBD00BA4981 /* TrainTrack.xcdatamodeld */ = {
			isa = XCVersionGroup;
			children = (
				BF20A66D25661FBD00BA4981 /* TrainTrack.xcdatamodel */,
			);
			currentVersion = BF20A66D25661FBD00BA4981 /* TrainTrack.xcdatamodel */;
			path = TrainTrack.xcdatamodeld;
			sourceTree = "<group>";
			versionGroupType = wrapper.xcdatamodel;
		};
/* End XCVersionGroup section */
	};
	rootObject = BF20A65B25661FBD00BA4981 /* Project object */;
}
